filippo.io/edwards25519 v1.1.0 h1:FNf4tywRC1HmFuKW5xopWpigGjJKiJSV0Cqo0cJWDaA=
filippo.io/edwards25519 v1.1.0/go.mod h1:BxyFTGdWcka3PhytdK4V28tE5sGfRvvvRV7EaN4VDT4=
github.com/TwiN/deepmerge v0.2.2 h1:FUG9QMIYg/j2aQyPPhA3XTFJwXSNHI/swaR4Lbyxwg4=
github.com/TwiN/deepmerge v0.2.2/go.mod h1:4OHvjV3pPNJCJZBHswYAwk6rxiD8h8YZ+9cPo7nu4oI=
github.com/ajg/form v1.5.1 h1:t9c7v8JUKu/XxOGBU0yjNpaMloxGEJhUkqFRq0ibGeU=
github.com/ajg/form v1.5.1/go.mod h1:uL1WgH+h2mgNtvBq0339dVnzXdBETtL2LeUXaIv25UY=
github.com/auth0/go-jwt-middleware/v2 v2.3.0 h1:4QREj6cS3d8dS05bEm443jhnqQF97FX9sMBeWqnNRzE=
github.com/auth0/go-jwt-middleware/v2 v2.3.0/go.mod h1:dL4ObBs1/dj4/W4cYxd8rqAdDGXYyd5rqbpMIxcbVrU=
github.com/aws/aws-sdk-go-v2 v1.38.2 h1:QUkLO1aTW0yqW95pVzZS0LGFanL71hJ0a49w4TJLMyM=
github.com/aws/aws-sdk-go-v2 v1.38.2/go.mod h1:sDioUELIUO9Znk23YVmIk86/9DOpkbyyVb1i/gUNFXY=
github.com/aws/aws-sdk-go-v2/config v1.29.18 h1:x4T1GRPnqKV8HMJOMtNktbpQMl3bIsfx8KbqmveUO2I=
github.com/aws/aws-sdk-go-v2/config v1.29.18/go.mod h1:bvz8oXugIsH8K7HLhBv06vDqnFv3NsGDt2Znpk7zmOU=
github.com/aws/aws-sdk-go-v2/credentials v1.17.71 h1:r2w4mQWnrTMJjOyIsZtGp3R3XGY3nqHn8C26C2lQWgA=
github.com/aws/aws-sdk-go-v2/credentials v1.17.71/go.mod h1:E7VF3acIup4GB5ckzbKFrCK0vTvEQxOxgdq4U3vcMCY=
github.com/aws/aws-sdk-go-v2/feature/dynamodb/attributevalue v1.20.8 h1:bR2qK9qnbGUVvtokxYG3rveN5insnjnnLxuPU2S7HdQ=
github.com/aws/aws-sdk-go-v2/feature/dynamodb/attributevalue v1.20.8/go.mod h1:ivfHBkepc2XdaRO6CipFTP8+vh0P9Ta8hKokE3aw65w=
github.com/aws/aws-sdk-go-v2/feature/ec2/imds v1.16.33 h1:D9ixiWSG4lyUBL2DDNK924Px9V/NBVpML90MHqyTADY=
github.com/aws/aws-sdk-go-v2/feature/ec2/imds v1.16.33/go.mod h1:caS/m4DI+cij2paz3rtProRBI4s/+TCiWoaWZuQ9010=
github.com/aws/aws-sdk-go-v2/internal/configsources v1.4.5 h1:d45S2DqHZOkHu0uLUW92VdBoT5v0hh3EyR+DzMEh3ag=
github.com/aws/aws-sdk-go-v2/internal/configsources v1.4.5/go.mod h1:G6e/dR2c2huh6JmIo9SXysjuLuDDGWMeYGibfW2ZrXg=
github.com/aws/aws-sdk-go-v2/internal/endpoints/v2 v2.7.5 h1:ENhnQOV3SxWHplOqNN1f+uuCNf9n4Y/PKpl6b1WRP0Q=
github.com/aws/aws-sdk-go-v2/internal/endpoints/v2 v2.7.5/go.mod h1:csQLMI+odbC0/J+UecSTztG70Dc4aTCOu4GyPNDNpVo=
github.com/aws/aws-sdk-go-v2/internal/ini v1.8.3 h1:bIqFDwgGXXN1Kpp99pDOdKMTTb5d2KyU5X/BZxjOkRo=
github.com/aws/aws-sdk-go-v2/internal/ini v1.8.3/go.mod h1:H5O/EsxDWyU+LP/V8i5sm8cxoZgc2fdNR9bxlOFrQTo=
github.com/aws/aws-sdk-go-v2/service/dynamodb v1.50.0 h1:SFGMSoIZ+eoBVomUepL0NsunbKS8KZ+TupTVBwajQAk=
github.com/aws/aws-sdk-go-v2/service/dynamodb v1.50.0/go.mod h1:c1yue4JwtH4uvgSduKUyVUvcHRkD09h6IOkvWBaqDno=
github.com/aws/aws-sdk-go-v2/service/dynamodbstreams v1.30.1 h1:ecXpl7WJHxbYGClaG6Icxrt+Zg20OS26IYBMPCKqqeM=
github.com/aws/aws-sdk-go-v2/service/dynamodbstreams v1.30.1/go.mod h1:Ugxnw5GB6lkLwY1L850LDZJfRjMVDBN7lUkCaoUNI9A=
github.com/aws/aws-sdk-go-v2/service/internal/accept-encoding v1.13.1 h1:oegbebPEMA/1Jny7kvwejowCaHz1FWZAQ94WXFNCyTM=
github.com/aws/aws-sdk-go-v2/service/internal/accept-encoding v1.13.1/go.mod h1:kemo5Myr9ac0U9JfSjMo9yHLtw+pECEHsFtJ9tqCEI8=
github.com/aws/aws-sdk-go-v2/service/internal/endpoint-discovery v1.11.5 h1:KOp7jJ7FNi/0wDm1aeZ2xHfn7ycBvQsbhPQRNRf79lQ=
github.com/aws/aws-sdk-go-v2/service/internal/endpoint-discovery v1.11.5/go.mod h1:AJDn8kwIXofqAM069WTCGUB62PxJNlgla0CNb9NRhto=
github.com/aws/aws-sdk-go-v2/service/internal/presigned-url v1.12.18 h1:vvbXsA2TVO80/KT7ZqCbx934dt6PY+vQ8hZpUZ/cpYg=
github.com/aws/aws-sdk-go-v2/service/internal/presigned-url v1.12.18/go.mod h1:m2JJHledjBGNMsLOF1g9gbAxprzq3KjC8e4lxtn+eWg=
github.com/aws/aws-sdk-go-v2/service/sns v1.34.7 h1:OBuZE9Wt8h2imuRktu+WfjiTGrnYdCIJg8IX92aalHE=
github.com/aws/aws-sdk-go-v2/service/sns v1.34.7/go.mod h1:4WYoZAhHt+dWYpoOQUgkUKfuQbE6Gg/hW4oXE0pKS9U=
github.com/aws/aws-sdk-go-v2/service/sso v1.25.6 h1:rGtWqkQbPk7Bkwuv3NzpE/scwwL9sC1Ul3tn9x83DUI=
github.com/aws/aws-sdk-go-v2/service/sso v1.25.6/go.mod h1:u4ku9OLv4TO4bCPdxf4fA1upaMaJmP9ZijGk3AAOC6Q=
github.com/aws/aws-sdk-go-v2/service/ssooidc v1.30.4 h1:OV/pxyXh+eMA0TExHEC4jyWdumLxNbzz1P0zJoezkJc=
github.com/aws/aws-sdk-go-v2/service/ssooidc v1.30.4/go.mod h1:8Mm5VGYwtm+r305FfPSuc+aFkrypeylGYhFim6XEPoc=
github.com/aws/aws-sdk-go-v2/service/sts v1.34.1 h1:aUrLQwJfZtwv3/ZNG2xRtEen+NqI3iesuacjP51Mv1s=
github.com/aws/aws-sdk-go-v2/service/sts v1.34.1/go.mod h1:3wFBZKoWnX3r+Sm7in79i54fBmNfwhdNdQuscCw7QIk=
github.com/aws/smithy-go v1.23.0 h1:8n6I3gXzWJB2DxBDnfxgBaSX6oe0d/t10qGz7OKqMCE=
github.com/aws/smithy-go v1.23.0/go.mod h1:t1ufH5HMublsJYulve2RKmHDC15xu1f26kHCp/HgceI=
github.com/creack/pty v1.1.9/go.mod h1:oKZEueFk5CKHvIhNR5MUki03XCEU+Q6VDXinZuGJ33E=
github.com/davecgh/go-spew v1.1.0/go.mod h1:J7Y8YcW2NihsgmVo/mv3lAwl/skON4iLHjSsI+c5H38=
github.com/davecgh/go-spew v1.1.2-0.20180830191138-d8f796af33cc h1:U9qPSI2PIWSS1VwoXQT9A3Wy9MM3WgvqSxFWenqJduM=
github.com/davecgh/go-spew v1.1.2-0.20180830191138-d8f796af33cc/go.mod h1:J7Y8YcW2NihsgmVo/mv3lAwl/skON4iLHjSsI+c5H38=
github.com/go-chi/chi/v5 v5.2.2 h1:CMwsvRVTbXVytCk1Wd72Zy1LAsAh9GxMmSNWLHCG618=
github.com/go-chi/chi/v5 v5.2.2/go.mod h1:L2yAIGWB3H+phAw1NxKwWM+7eUH/lU8pOMm5hHcoops=
github.com/go-chi/render v1.0.3 h1:AsXqd2a1/INaIfUSKq3G5uA8weYx20FOsM7uSoCyyt4=
github.com/go-chi/render v1.0.3/go.mod h1:/gr3hVkmYR0YlEy3LxCuVRFzEu9Ruok+gFqbIofjao0=
github.com/go-sql-driver/mysql v1.8.1 h1:LedoTUt/eveggdHS9qUFC1EFSa8bU2+1pZjSRpvNJ1Y=
github.com/go-sql-driver/mysql v1.8.1/go.mod h1:wEBSXgmK//2ZFJyE+qWnIsVGmvmEKlqwuVSjsCm7DZg=
github.com/google/go-cmp v0.7.0 h1:wk8382ETsv4JYUZwIsn6YpYiWiBsYLSJiTsyBybVuN8=
github.com/google/go-cmp v0.7.0/go.mod h1:pXiqmnSA92OHEEa9HXL2W4E7lf9JzCmGVUdgjX3N/iU=
github.com/google/uuid v1.6.0 h1:NIvaJDMOsjHA8n1jAhLSgzrAzy1Hgr+hNrb57e+94F0=
github.com/google/uuid v1.6.0/go.mod h1:TIyPZe4MgqvfeYDBFedMoGGpEw/LqOeaOT+nhxU+yHo=
github.com/jackc/pgpassfile v1.0.0 h1:/6Hmqy13Ss2zCq62VdNG8tM1wchn8zjSGOBJ6icpsIM=
github.com/jackc/pgpassfile v1.0.0/go.mod h1:CEx0iS5ambNFdcRtxPj5JhEz+xB6uRky5eyVu/W2HEg=
github.com/jackc/pgservicefile v0.0.0-20240606120523-5a60cdf6a761 h1:iCEnooe7UlwOQYpKFhBabPMi4aNAfoODPEFNiAnClxo=
github.com/jackc/pgservicefile v0.0.0-20240606120523-5a60cdf6a761/go.mod h1:5TJZWKEWniPve33vlWYSoGYefn3gLQRzjfDlhSJ9ZKM=
github.com/jackc/pgx/v5 v5.6.0 h1:SWJzexBzPL5jb0GEsrPMLIsi/3jOo7RHlzTjcAeDrPY=
github.com/jackc/pgx/v5 v5.6.0/go.mod h1:DNZ/vlrUnhWCoFGxHAG8U2ljioxukquj7utPDgtQdTw=
github.com/jackc/puddle/v2 v2.2.2 h1:PR8nw+E/1w0GLuRFSmiioY6UooMp6KJv0/61nB7icHo=
github.com/jackc/puddle/v2 v2.2.2/go.mod h1:vriiEXHvEE654aYKXXjOvZM39qJ0q+azkZFrfEOc3H4=
github.com/jinzhu/inflection v1.0.0 h1:K317FqzuhWc8YvSVlFMCCUb36O/S9MCKRDI7QkRKD/E=
github.com/jinzhu/inflection v1.0.0/go.mod h1:h+uFLlag+Qp1Va5pdKtLDYj+kHp5pxUVkryuEj+Srlc=
github.com/jinzhu/now v1.1.5 h1:/o9tlHleP7gOFmsnYNz3RGnqzefHA47wQpKrrdTIwXQ=
github.com/jinzhu/now v1.1.5/go.mod h1:d3SSVoowX0Lcu0IBviAWJpolVfI5UJVZZ7cO71lE/z8=
github.com/kr/pretty v0.3.1 h1:flRD4NNwYAUpkphVc1HcthR4KEIFJ65n8Mw5qdRn3LE=
github.com/kr/pretty v0.3.1/go.mod h1:hoEshYVHaxMs3cyo3Yncou5ZscifuDolrwPKZanG3xk=
github.com/kr/text v0.2.0 h1:5Nx0Ya0ZqY2ygV366QzturHI13Jq95ApcVaJBhpS+AY=
github.com/kr/text v0.2.0/go.mod h1:eLer722TekiGuMkidMxC/pM04lWEeraHUUmBw8l2grE=
github.com/mattn/go-sqlite3 v1.14.22 h1:2gZY6PC6kBnID23Tichd1K+Z0oS6nE/XwU+Vz/5o4kU=
github.com/mattn/go-sqlite3 v1.14.22/go.mod h1:Uh1q+B4BYcTPb+yiD3kU8Ct7aC0hY9fxUwlHK0RXw+Y=
github.com/pkg/diff v0.0.0-20210226163009-20ebb0f2a09e/go.mod h1:pJLUxLENpZxwdsKMEsNbx1VGcRFpLqf3715MtcvvzbA=
github.com/pmezard/go-difflib v1.0.0/go.mod h1:iKH77koFhYxTK1pcRnkKkqfTogsbg7gZNVY4sRDYZ/4=
github.com/pmezard/go-difflib v1.0.1-0.20181226105442-5d4384ee4fb2 h1:Jamvg5psRIccs7FGNTlIRMkT8wgtp5eCXdBlqhYGL6U=
github.com/pmezard/go-difflib v1.0.1-0.20181226105442-5d4384ee4fb2/go.mod h1:iKH77koFhYxTK1pcRnkKkqfTogsbg7gZNVY4sRDYZ/4=
github.com/rogpeppe/go-internal v1.9.0/go.mod h1:WtVeX8xhTBvf0smdhujwtBcq4Qrzq/fJaraNFVN+nFs=
github.com/rogpeppe/go-internal v1.12.0 h1:exVL4IDcn6na9z1rAb56Vxr+CgyK3nn3O+epU5NdKM8=
github.com/rogpeppe/go-internal v1.12.0/go.mod h1:E+RYuTGaKKdloAfM02xzb0FW3Paa99yedzYV+kq4uf4=
github.com/stretchr/objx v0.1.0/go.mod h1:HFkY916IF+rwdDfMAkV7OtwuqBVzrE8GR6GFx+wExME=
github.com/stretchr/testify v1.3.0/go.mod h1:M5WIy9Dh21IEIfnGCwXGc5bZfKNJtfHm1UVUgZn+9EI=
github.com/stretchr/testify v1.7.0/go.mod h1:6Fq8oRcR53rry900zMqJjRRixrwX3KX962/h/Wwjteg=
github.com/stretchr/testify v1.10.0 h1:Xv5erBjTwe/5IxqUQTdXv5kgmIvbHo3QQyRwhJsOfJA=
github.com/stretchr/testify v1.10.0/go.mod h1:r2ic/lqez/lEtzL7wO/rwa5dbSLXVDPFyf8C91i36aY=
github.com/xeipuuv/gojsonpointer v0.0.0-20180127040702-4e3ac2762d5f h1:J9EGpcZtP0E/raorCMxlFGSTBrsSlaDGf3jU/qvAE2c=
github.com/xeipuuv/gojsonpointer v0.0.0-20180127040702-4e3ac2762d5f/go.mod h1:N2zxlSyiKSe5eX1tZViRH5QA0qijqEDrYZiPEAiq3wU=
github.com/xeipuuv/gojsonreference v0.0.0-20180127040603-bd5ef7bd5415 h1:EzJWgHovont7NscjpAxXsDA8S8BMYve8Y5+7cuRE7R0=
github.com/xeipuuv/gojsonreference v0.0.0-20180127040603-bd5ef7bd5415/go.mod h1:GwrjFmJcFw6At/Gs6z4yjiIwzuJ1/+UwLxMQDVQXShQ=
github.com/xeipuuv/gojsonschema v1.2.0 h1:LhYJRs+L4fBtjZUfuSZIKGeVu0QRy8e5Xi7D17UxZ74=
github.com/xeipuuv/gojsonschema v1.2.0/go.mod h1:anYRn/JVcOK2ZgGU+IjEV4nwlhoK5sQluxsYJ78Id3Y=
golang.org/x/crypto v0.35.0 h1:b15kiHdrGCHrP6LvwaQ3c03kgNhhiMgvlhxHQhmg2Xs=
golang.org/x/crypto v0.35.0/go.mod h1:dy7dXNW32cAb/6/PRuTNsix8T+vJAqvuIy5Bli/x0YQ=
golang.org/x/sync v0.11.0 h1:GGz8+XQP4FvTTrjZPzNKTMFtSXH80RAzG+5ghFPgK9w=
golang.org/x/sync v0.11.0/go.mod h1:Czt+wKu1gCyEFDUtn0jG5QVvpJ6rzVqr5aXyt9drQfk=
golang.org/x/text v0.22.0 h1:bofq7m3/HAFvbF51jz3Q9wLg3jkvSPuiZu/pD1XwgtM=
golang.org/x/text v0.22.0/go.mod h1:YRoo4H8PVmsu+E3Ou7cqLVH8oXWIHVoX0jqUWALQhfY=
gopkg.in/check.v1 v0.0.0-20161208181325-20d25e280405/go.mod h1:Co6ibVJAznAaIkqp8huTwlJQCZ016jof/cbN4VW5Yz0=
gopkg.in/check.v1 v1.0.0-20201130134442-10cb98267c6c h1:Hei/4ADfdWqJk1ZMxUNpqntNwaWcugrBjAiHlqqRiVk=
gopkg.in/check.v1 v1.0.0-20201130134442-10cb98267c6c/go.mod h1:JHkPIbrfpd72SG/EVd6muEfDQjcINNoR0C8j2r3qZ4Q=
gopkg.in/go-jose/go-jose.v2 v2.6.3 h1:nt80fvSDlhKWQgSWyHyy5CfmlQr+asih51R8PTWNKKs=
gopkg.in/go-jose/go-jose.v2 v2.6.3/go.mod h1:zzZDPkNNw/c9IE7Z9jr11mBZQhKQTMzoEEIoEdZlFBI=
gopkg.in/yaml.v3 v3.0.0-20200313102051-9f266ea9e77c/go.mod h1:K4uyk7z7BCEPqu6E+C64Yfv1cQ7kz7rIZviUmN+EgEM=
gopkg.in/yaml.v3 v3.0.1 h1:fxVm/GzAzEWqLHuvctI91KS9hhNmmWOoWu0XTYJS7CA=
gopkg.in/yaml.v3 v3.0.1/go.mod h1:K4uyk7z7BCEPqu6E+C64Yfv1cQ7kz7rIZviUmN+EgEM=
gorm.io/driver/mysql v1.6.0 h1:eNbLmNTpPpTOVZi8MMxCi2aaIm0ZpInbORNXDwyLGvg=
gorm.io/driver/mysql v1.6.0/go.mod h1:D/oCC2GWK3M/dqoLxnOlaNKmXz8WNTfcS9y5ovaSqKo=
gorm.io/driver/postgres v1.6.0 h1:2dxzU8xJ+ivvqTRph34QX+WrRaJlmfyPqXmoGVjMBa4=
gorm.io/driver/postgres v1.6.0/go.mod h1:vUw0mrGgrTK+uPHEhAdV4sfFELrByKVGnaVRkXDhtWo=
gorm.io/driver/sqlite v1.5.7 h1:8NvsrhP0ifM7LX9G4zPB97NwovUakUxc+2V2uuf3Z1I=
gorm.io/driver/sqlite v1.5.7/go.mod h1:U+J8craQU6Fzkcvu8oLeAQmi50TkwPEhHDEjQZXDah4=
gorm.io/gorm v1.30.1 h1:lSHg33jJTBxs2mgJRfRZeLDG+WZaHYCk3Wtfl6Ngzo4=
gorm.io/gorm v1.30.1/go.mod h1:8Z33v652h4//uMA76KjeDH8mJXPm1QNCYrMeatR0DOE=
